
Microsoft Visual Studio Solution File, Format Version 12.00
# Visual Studio 14
VisualStudioVersion = 14.0.25420.1
MinimumVisualStudioVersion = 10.0.40219.1
Project("{FAE04EC0-301F-11D3-BF4B-00C04F79EFBC}") = "MvvmInjection.Droid", "MvvmInjection.Droid\MvvmInjection.Droid.csproj", "{A1AD3D9D-E379-41EC-9857-9D28FF48EA7B}"
EndProject
Project("{FAE04EC0-301F-11D3-BF4B-00C04F79EFBC}") = "MvvmInjection.Data", "MvvmInjection.Data\MvvmInjection.Data.csproj", "{2FB5CFF6-4D89-46B0-88F4-6DDF4C20FA84}"
EndProject
Project("{FAE04EC0-301F-11D3-BF4B-00C04F79EFBC}") = "MvvmInjection.Uwp", "MvvmInjection.Uwp\MvvmInjection.Uwp.csproj", "{47E8E88E-003F-4D4D-9BD2-F0166767B32D}"
EndProject
Project("{FAE04EC0-301F-11D3-BF4B-00C04F79EFBC}") = "MvvmInjection.iOS", "MvvmInjection.iOS\MvvmInjection.iOS.csproj", "{C228A23F-2ED6-4FC8-A3DC-2EB6FAF35F77}"
EndProject
Global
	GlobalSection(SolutionConfigurationPlatforms) = preSolution
		Ad-Hoc|Any CPU = Ad-Hoc|Any CPU
		Ad-Hoc|ARM = Ad-Hoc|ARM
		Ad-Hoc|iPhone = Ad-Hoc|iPhone
		Ad-Hoc|iPhoneSimulator = Ad-Hoc|iPhoneSimulator
		Ad-Hoc|x64 = Ad-Hoc|x64
		Ad-Hoc|x86 = Ad-Hoc|x86
		AppStore|Any CPU = AppStore|Any CPU
		AppStore|ARM = AppStore|ARM
		AppStore|iPhone = AppStore|iPhone
		AppStore|iPhoneSimulator = AppStore|iPhoneSimulator
		AppStore|x64 = AppStore|x64
		AppStore|x86 = AppStore|x86
		Debug|Any CPU = Debug|Any CPU
		Debug|ARM = Debug|ARM
		Debug|iPhone = Debug|iPhone
		Debug|iPhoneSimulator = Debug|iPhoneSimulator
		Debug|x64 = Debug|x64
		Debug|x86 = Debug|x86
		Release|Any CPU = Release|Any CPU
		Release|ARM = Release|ARM
		Release|iPhone = Release|iPhone
		Release|iPhoneSimulator = Release|iPhoneSimulator
		Release|x64 = Release|x64
		Release|x86 = Release|x86
	EndGlobalSection
	GlobalSection(ProjectConfigurationPlatforms) = postSolution
		{A1AD3D9D-E379-41EC-9857-9D28FF48EA7B}.Ad-Hoc|Any CPU.ActiveCfg = Release|Any CPU
		{A1AD3D9D-E379-41EC-9857-9D28FF48EA7B}.Ad-Hoc|Any CPU.Build.0 = Release|Any CPU
		{A1AD3D9D-E379-41EC-9857-9D28FF48EA7B}.Ad-Hoc|Any CPU.Deploy.0 = Release|Any CPU
		{A1AD3D9D-E379-41EC-9857-9D28FF48EA7B}.Ad-Hoc|ARM.ActiveCfg = Release|Any CPU
		{A1AD3D9D-E379-41EC-9857-9D28FF48EA7B}.Ad-Hoc|ARM.Build.0 = Release|Any CPU
		{A1AD3D9D-E379-41EC-9857-9D28FF48EA7B}.Ad-Hoc|ARM.Deploy.0 = Release|Any CPU
		{A1AD3D9D-E379-41EC-9857-9D28FF48EA7B}.Ad-Hoc|iPhone.ActiveCfg = Release|Any CPU
		{A1AD3D9D-E379-41EC-9857-9D28FF48EA7B}.Ad-Hoc|iPhone.Build.0 = Release|Any CPU
		{A1AD3D9D-E379-41EC-9857-9D28FF48EA7B}.Ad-Hoc|iPhone.Deploy.0 = Release|Any CPU
		{A1AD3D9D-E379-41EC-9857-9D28FF48EA7B}.Ad-Hoc|iPhoneSimulator.ActiveCfg = Release|Any CPU
		{A1AD3D9D-E379-41EC-9857-9D28FF48EA7B}.Ad-Hoc|iPhoneSimulator.Build.0 = Release|Any CPU
		{A1AD3D9D-E379-41EC-9857-9D28FF48EA7B}.Ad-Hoc|iPhoneSimulator.Deploy.0 = Release|Any CPU
		{A1AD3D9D-E379-41EC-9857-9D28FF48EA7B}.Ad-Hoc|x64.ActiveCfg = Release|Any CPU
		{A1AD3D9D-E379-41EC-9857-9D28FF48EA7B}.Ad-Hoc|x64.Build.0 = Release|Any CPU
		{A1AD3D9D-E379-41EC-9857-9D28FF48EA7B}.Ad-Hoc|x64.Deploy.0 = Release|Any CPU
		{A1AD3D9D-E379-41EC-9857-9D28FF48EA7B}.Ad-Hoc|x86.ActiveCfg = Release|Any CPU
		{A1AD3D9D-E379-41EC-9857-9D28FF48EA7B}.Ad-Hoc|x86.Build.0 = Release|Any CPU
		{A1AD3D9D-E379-41EC-9857-9D28FF48EA7B}.Ad-Hoc|x86.Deploy.0 = Release|Any CPU
		{A1AD3D9D-E379-41EC-9857-9D28FF48EA7B}.AppStore|Any CPU.ActiveCfg = Release|Any CPU
		{A1AD3D9D-E379-41EC-9857-9D28FF48EA7B}.AppStore|Any CPU.Build.0 = Release|Any CPU
		{A1AD3D9D-E379-41EC-9857-9D28FF48EA7B}.AppStore|Any CPU.Deploy.0 = Release|Any CPU
		{A1AD3D9D-E379-41EC-9857-9D28FF48EA7B}.AppStore|ARM.ActiveCfg = Release|Any CPU
		{A1AD3D9D-E379-41EC-9857-9D28FF48EA7B}.AppStore|ARM.Build.0 = Release|Any CPU
		{A1AD3D9D-E379-41EC-9857-9D28FF48EA7B}.AppStore|ARM.Deploy.0 = Release|Any CPU
		{A1AD3D9D-E379-41EC-9857-9D28FF48EA7B}.AppStore|iPhone.ActiveCfg = Release|Any CPU
		{A1AD3D9D-E379-41EC-9857-9D28FF48EA7B}.AppStore|iPhone.Build.0 = Release|Any CPU
		{A1AD3D9D-E379-41EC-9857-9D28FF48EA7B}.AppStore|iPhone.Deploy.0 = Release|Any CPU
		{A1AD3D9D-E379-41EC-9857-9D28FF48EA7B}.AppStore|iPhoneSimulator.ActiveCfg = Release|Any CPU
		{A1AD3D9D-E379-41EC-9857-9D28FF48EA7B}.AppStore|iPhoneSimulator.Build.0 = Release|Any CPU
		{A1AD3D9D-E379-41EC-9857-9D28FF48EA7B}.AppStore|iPhoneSimulator.Deploy.0 = Release|Any CPU
		{A1AD3D9D-E379-41EC-9857-9D28FF48EA7B}.AppStore|x64.ActiveCfg = Release|Any CPU
		{A1AD3D9D-E379-41EC-9857-9D28FF48EA7B}.AppStore|x64.Build.0 = Release|Any CPU
		{A1AD3D9D-E379-41EC-9857-9D28FF48EA7B}.AppStore|x64.Deploy.0 = Release|Any CPU
		{A1AD3D9D-E379-41EC-9857-9D28FF48EA7B}.AppStore|x86.ActiveCfg = Release|Any CPU
		{A1AD3D9D-E379-41EC-9857-9D28FF48EA7B}.AppStore|x86.Build.0 = Release|Any CPU
		{A1AD3D9D-E379-41EC-9857-9D28FF48EA7B}.AppStore|x86.Deploy.0 = Release|Any CPU
		{A1AD3D9D-E379-41EC-9857-9D28FF48EA7B}.Debug|Any CPU.ActiveCfg = Debug|Any CPU
		{A1AD3D9D-E379-41EC-9857-9D28FF48EA7B}.Debug|Any CPU.Build.0 = Debug|Any CPU
		{A1AD3D9D-E379-41EC-9857-9D28FF48EA7B}.Debug|Any CPU.Deploy.0 = Debug|Any CPU
		{A1AD3D9D-E379-41EC-9857-9D28FF48EA7B}.Debug|ARM.ActiveCfg = Debug|Any CPU
		{A1AD3D9D-E379-41EC-9857-9D28FF48EA7B}.Debug|ARM.Build.0 = Debug|Any CPU
		{A1AD3D9D-E379-41EC-9857-9D28FF48EA7B}.Debug|ARM.Deploy.0 = Debug|Any CPU
		{A1AD3D9D-E379-41EC-9857-9D28FF48EA7B}.Debug|iPhone.ActiveCfg = Debug|Any CPU
		{A1AD3D9D-E379-41EC-9857-9D28FF48EA7B}.Debug|iPhone.Build.0 = Debug|Any CPU
		{A1AD3D9D-E379-41EC-9857-9D28FF48EA7B}.Debug|iPhone.Deploy.0 = Debug|Any CPU
		{A1AD3D9D-E379-41EC-9857-9D28FF48EA7B}.Debug|iPhoneSimulator.ActiveCfg = Debug|Any CPU
		{A1AD3D9D-E379-41EC-9857-9D28FF48EA7B}.Debug|iPhoneSimulator.Build.0 = Debug|Any CPU
		{A1AD3D9D-E379-41EC-9857-9D28FF48EA7B}.Debug|iPhoneSimulator.Deploy.0 = Debug|Any CPU
		{A1AD3D9D-E379-41EC-9857-9D28FF48EA7B}.Debug|x64.ActiveCfg = Debug|Any CPU
		{A1AD3D9D-E379-41EC-9857-9D28FF48EA7B}.Debug|x64.Build.0 = Debug|Any CPU
		{A1AD3D9D-E379-41EC-9857-9D28FF48EA7B}.Debug|x64.Deploy.0 = Debug|Any CPU
		{A1AD3D9D-E379-41EC-9857-9D28FF48EA7B}.Debug|x86.ActiveCfg = Debug|Any CPU
		{A1AD3D9D-E379-41EC-9857-9D28FF48EA7B}.Debug|x86.Build.0 = Debug|Any CPU
		{A1AD3D9D-E379-41EC-9857-9D28FF48EA7B}.Debug|x86.Deploy.0 = Debug|Any CPU
		{A1AD3D9D-E379-41EC-9857-9D28FF48EA7B}.Release|Any CPU.ActiveCfg = Release|Any CPU
		{A1AD3D9D-E379-41EC-9857-9D28FF48EA7B}.Release|Any CPU.Build.0 = Release|Any CPU
		{A1AD3D9D-E379-41EC-9857-9D28FF48EA7B}.Release|Any CPU.Deploy.0 = Release|Any CPU
		{A1AD3D9D-E379-41EC-9857-9D28FF48EA7B}.Release|ARM.ActiveCfg = Release|Any CPU
		{A1AD3D9D-E379-41EC-9857-9D28FF48EA7B}.Release|ARM.Build.0 = Release|Any CPU
		{A1AD3D9D-E379-41EC-9857-9D28FF48EA7B}.Release|ARM.Deploy.0 = Release|Any CPU
		{A1AD3D9D-E379-41EC-9857-9D28FF48EA7B}.Release|iPhone.ActiveCfg = Release|Any CPU
		{A1AD3D9D-E379-41EC-9857-9D28FF48EA7B}.Release|iPhone.Build.0 = Release|Any CPU
		{A1AD3D9D-E379-41EC-9857-9D28FF48EA7B}.Release|iPhone.Deploy.0 = Release|Any CPU
		{A1AD3D9D-E379-41EC-9857-9D28FF48EA7B}.Release|iPhoneSimulator.ActiveCfg = Release|Any CPU
		{A1AD3D9D-E379-41EC-9857-9D28FF48EA7B}.Release|iPhoneSimulator.Build.0 = Release|Any CPU
		{A1AD3D9D-E379-41EC-9857-9D28FF48EA7B}.Release|iPhoneSimulator.Deploy.0 = Release|Any CPU
		{A1AD3D9D-E379-41EC-9857-9D28FF48EA7B}.Release|x64.ActiveCfg = Release|Any CPU
		{A1AD3D9D-E379-41EC-9857-9D28FF48EA7B}.Release|x64.Build.0 = Release|Any CPU
		{A1AD3D9D-E379-41EC-9857-9D28FF48EA7B}.Release|x64.Deploy.0 = Release|Any CPU
		{A1AD3D9D-E379-41EC-9857-9D28FF48EA7B}.Release|x86.ActiveCfg = Release|Any CPU
		{A1AD3D9D-E379-41EC-9857-9D28FF48EA7B}.Release|x86.Build.0 = Release|Any CPU
		{A1AD3D9D-E379-41EC-9857-9D28FF48EA7B}.Release|x86.Deploy.0 = Release|Any CPU
		{2FB5CFF6-4D89-46B0-88F4-6DDF4C20FA84}.Ad-Hoc|Any CPU.ActiveCfg = Release|Any CPU
		{2FB5CFF6-4D89-46B0-88F4-6DDF4C20FA84}.Ad-Hoc|Any CPU.Build.0 = Release|Any CPU
		{2FB5CFF6-4D89-46B0-88F4-6DDF4C20FA84}.Ad-Hoc|ARM.ActiveCfg = Release|Any CPU
		{2FB5CFF6-4D89-46B0-88F4-6DDF4C20FA84}.Ad-Hoc|ARM.Build.0 = Release|Any CPU
		{2FB5CFF6-4D89-46B0-88F4-6DDF4C20FA84}.Ad-Hoc|iPhone.ActiveCfg = Release|Any CPU
		{2FB5CFF6-4D89-46B0-88F4-6DDF4C20FA84}.Ad-Hoc|iPhone.Build.0 = Release|Any CPU
		{2FB5CFF6-4D89-46B0-88F4-6DDF4C20FA84}.Ad-Hoc|iPhoneSimulator.ActiveCfg = Release|Any CPU
		{2FB5CFF6-4D89-46B0-88F4-6DDF4C20FA84}.Ad-Hoc|iPhoneSimulator.Build.0 = Release|Any CPU
		{2FB5CFF6-4D89-46B0-88F4-6DDF4C20FA84}.Ad-Hoc|x64.ActiveCfg = Release|Any CPU
		{2FB5CFF6-4D89-46B0-88F4-6DDF4C20FA84}.Ad-Hoc|x64.Build.0 = Release|Any CPU
		{2FB5CFF6-4D89-46B0-88F4-6DDF4C20FA84}.Ad-Hoc|x86.ActiveCfg = Release|Any CPU
		{2FB5CFF6-4D89-46B0-88F4-6DDF4C20FA84}.Ad-Hoc|x86.Build.0 = Release|Any CPU
		{2FB5CFF6-4D89-46B0-88F4-6DDF4C20FA84}.AppStore|Any CPU.ActiveCfg = Release|Any CPU
		{2FB5CFF6-4D89-46B0-88F4-6DDF4C20FA84}.AppStore|Any CPU.Build.0 = Release|Any CPU
		{2FB5CFF6-4D89-46B0-88F4-6DDF4C20FA84}.AppStore|ARM.ActiveCfg = Release|Any CPU
		{2FB5CFF6-4D89-46B0-88F4-6DDF4C20FA84}.AppStore|ARM.Build.0 = Release|Any CPU
		{2FB5CFF6-4D89-46B0-88F4-6DDF4C20FA84}.AppStore|iPhone.ActiveCfg = Release|Any CPU
		{2FB5CFF6-4D89-46B0-88F4-6DDF4C20FA84}.AppStore|iPhone.Build.0 = Release|Any CPU
		{2FB5CFF6-4D89-46B0-88F4-6DDF4C20FA84}.AppStore|iPhoneSimulator.ActiveCfg = Release|Any CPU
		{2FB5CFF6-4D89-46B0-88F4-6DDF4C20FA84}.AppStore|iPhoneSimulator.Build.0 = Release|Any CPU
		{2FB5CFF6-4D89-46B0-88F4-6DDF4C20FA84}.AppStore|x64.ActiveCfg = Release|Any CPU
		{2FB5CFF6-4D89-46B0-88F4-6DDF4C20FA84}.AppStore|x64.Build.0 = Release|Any CPU
		{2FB5CFF6-4D89-46B0-88F4-6DDF4C20FA84}.AppStore|x86.ActiveCfg = Release|Any CPU
		{2FB5CFF6-4D89-46B0-88F4-6DDF4C20FA84}.AppStore|x86.Build.0 = Release|Any CPU
		{2FB5CFF6-4D89-46B0-88F4-6DDF4C20FA84}.Debug|Any CPU.ActiveCfg = Debug|Any CPU
		{2FB5CFF6-4D89-46B0-88F4-6DDF4C20FA84}.Debug|Any CPU.Build.0 = Debug|Any CPU
		{2FB5CFF6-4D89-46B0-88F4-6DDF4C20FA84}.Debug|ARM.ActiveCfg = Debug|Any CPU
		{2FB5CFF6-4D89-46B0-88F4-6DDF4C20FA84}.Debug|ARM.Build.0 = Debug|Any CPU
		{2FB5CFF6-4D89-46B0-88F4-6DDF4C20FA84}.Debug|iPhone.ActiveCfg = Debug|Any CPU
		{2FB5CFF6-4D89-46B0-88F4-6DDF4C20FA84}.Debug|iPhone.Build.0 = Debug|Any CPU
		{2FB5CFF6-4D89-46B0-88F4-6DDF4C20FA84}.Debug|iPhoneSimulator.ActiveCfg = Debug|Any CPU
		{2FB5CFF6-4D89-46B0-88F4-6DDF4C20FA84}.Debug|iPhoneSimulator.Build.0 = Debug|Any CPU
		{2FB5CFF6-4D89-46B0-88F4-6DDF4C20FA84}.Debug|x64.ActiveCfg = Debug|Any CPU
		{2FB5CFF6-4D89-46B0-88F4-6DDF4C20FA84}.Debug|x64.Build.0 = Debug|Any CPU
		{2FB5CFF6-4D89-46B0-88F4-6DDF4C20FA84}.Debug|x86.ActiveCfg = Debug|Any CPU
		{2FB5CFF6-4D89-46B0-88F4-6DDF4C20FA84}.Debug|x86.Build.0 = Debug|Any CPU
		{2FB5CFF6-4D89-46B0-88F4-6DDF4C20FA84}.Release|Any CPU.ActiveCfg = Release|Any CPU
		{2FB5CFF6-4D89-46B0-88F4-6DDF4C20FA84}.Release|Any CPU.Build.0 = Release|Any CPU
		{2FB5CFF6-4D89-46B0-88F4-6DDF4C20FA84}.Release|ARM.ActiveCfg = Release|Any CPU
		{2FB5CFF6-4D89-46B0-88F4-6DDF4C20FA84}.Release|ARM.Build.0 = Release|Any CPU
		{2FB5CFF6-4D89-46B0-88F4-6DDF4C20FA84}.Release|iPhone.ActiveCfg = Release|Any CPU
		{2FB5CFF6-4D89-46B0-88F4-6DDF4C20FA84}.Release|iPhone.Build.0 = Release|Any CPU
		{2FB5CFF6-4D89-46B0-88F4-6DDF4C20FA84}.Release|iPhoneSimulator.ActiveCfg = Release|Any CPU
		{2FB5CFF6-4D89-46B0-88F4-6DDF4C20FA84}.Release|iPhoneSimulator.Build.0 = Release|Any CPU
		{2FB5CFF6-4D89-46B0-88F4-6DDF4C20FA84}.Release|x64.ActiveCfg = Release|Any CPU
		{2FB5CFF6-4D89-46B0-88F4-6DDF4C20FA84}.Release|x64.Build.0 = Release|Any CPU
		{2FB5CFF6-4D89-46B0-88F4-6DDF4C20FA84}.Release|x86.ActiveCfg = Release|Any CPU
		{2FB5CFF6-4D89-46B0-88F4-6DDF4C20FA84}.Release|x86.Build.0 = Release|Any CPU
		{47E8E88E-003F-4D4D-9BD2-F0166767B32D}.Ad-Hoc|Any CPU.ActiveCfg = Release|x64
		{47E8E88E-003F-4D4D-9BD2-F0166767B32D}.Ad-Hoc|Any CPU.Build.0 = Release|x64
		{47E8E88E-003F-4D4D-9BD2-F0166767B32D}.Ad-Hoc|Any CPU.Deploy.0 = Release|x64
		{47E8E88E-003F-4D4D-9BD2-F0166767B32D}.Ad-Hoc|ARM.ActiveCfg = Release|ARM
		{47E8E88E-003F-4D4D-9BD2-F0166767B32D}.Ad-Hoc|ARM.Build.0 = Release|ARM
		{47E8E88E-003F-4D4D-9BD2-F0166767B32D}.Ad-Hoc|ARM.Deploy.0 = Release|ARM
		{47E8E88E-003F-4D4D-9BD2-F0166767B32D}.Ad-Hoc|iPhone.ActiveCfg = Release|x64
		{47E8E88E-003F-4D4D-9BD2-F0166767B32D}.Ad-Hoc|iPhone.Build.0 = Release|x64
		{47E8E88E-003F-4D4D-9BD2-F0166767B32D}.Ad-Hoc|iPhone.Deploy.0 = Release|x64
		{47E8E88E-003F-4D4D-9BD2-F0166767B32D}.Ad-Hoc|iPhoneSimulator.ActiveCfg = Release|x64
		{47E8E88E-003F-4D4D-9BD2-F0166767B32D}.Ad-Hoc|iPhoneSimulator.Build.0 = Release|x64
		{47E8E88E-003F-4D4D-9BD2-F0166767B32D}.Ad-Hoc|iPhoneSimulator.Deploy.0 = Release|x64
		{47E8E88E-003F-4D4D-9BD2-F0166767B32D}.Ad-Hoc|x64.ActiveCfg = Release|x64
		{47E8E88E-003F-4D4D-9BD2-F0166767B32D}.Ad-Hoc|x64.Build.0 = Release|x64
		{47E8E88E-003F-4D4D-9BD2-F0166767B32D}.Ad-Hoc|x64.Deploy.0 = Release|x64
		{47E8E88E-003F-4D4D-9BD2-F0166767B32D}.Ad-Hoc|x86.ActiveCfg = Release|x86
		{47E8E88E-003F-4D4D-9BD2-F0166767B32D}.Ad-Hoc|x86.Build.0 = Release|x86
		{47E8E88E-003F-4D4D-9BD2-F0166767B32D}.Ad-Hoc|x86.Deploy.0 = Release|x86
		{47E8E88E-003F-4D4D-9BD2-F0166767B32D}.AppStore|Any CPU.ActiveCfg = Release|x64
		{47E8E88E-003F-4D4D-9BD2-F0166767B32D}.AppStore|Any CPU.Build.0 = Release|x64
		{47E8E88E-003F-4D4D-9BD2-F0166767B32D}.AppStore|Any CPU.Deploy.0 = Release|x64
		{47E8E88E-003F-4D4D-9BD2-F0166767B32D}.AppStore|ARM.ActiveCfg = Release|ARM
		{47E8E88E-003F-4D4D-9BD2-F0166767B32D}.AppStore|ARM.Build.0 = Release|ARM
		{47E8E88E-003F-4D4D-9BD2-F0166767B32D}.AppStore|ARM.Deploy.0 = Release|ARM
		{47E8E88E-003F-4D4D-9BD2-F0166767B32D}.AppStore|iPhone.ActiveCfg = Release|x64
		{47E8E88E-003F-4D4D-9BD2-F0166767B32D}.AppStore|iPhone.Build.0 = Release|x64
		{47E8E88E-003F-4D4D-9BD2-F0166767B32D}.AppStore|iPhone.Deploy.0 = Release|x64
		{47E8E88E-003F-4D4D-9BD2-F0166767B32D}.AppStore|iPhoneSimulator.ActiveCfg = Release|x64
		{47E8E88E-003F-4D4D-9BD2-F0166767B32D}.AppStore|iPhoneSimulator.Build.0 = Release|x64
		{47E8E88E-003F-4D4D-9BD2-F0166767B32D}.AppStore|iPhoneSimulator.Deploy.0 = Release|x64
		{47E8E88E-003F-4D4D-9BD2-F0166767B32D}.AppStore|x64.ActiveCfg = Release|x64
		{47E8E88E-003F-4D4D-9BD2-F0166767B32D}.AppStore|x64.Build.0 = Release|x64
		{47E8E88E-003F-4D4D-9BD2-F0166767B32D}.AppStore|x64.Deploy.0 = Release|x64
		{47E8E88E-003F-4D4D-9BD2-F0166767B32D}.AppStore|x86.ActiveCfg = Release|x86
		{47E8E88E-003F-4D4D-9BD2-F0166767B32D}.AppStore|x86.Build.0 = Release|x86
		{47E8E88E-003F-4D4D-9BD2-F0166767B32D}.AppStore|x86.Deploy.0 = Release|x86
		{47E8E88E-003F-4D4D-9BD2-F0166767B32D}.Debug|Any CPU.ActiveCfg = Debug|x86
		{47E8E88E-003F-4D4D-9BD2-F0166767B32D}.Debug|Any CPU.Build.0 = Debug|x86
		{47E8E88E-003F-4D4D-9BD2-F0166767B32D}.Debug|Any CPU.Deploy.0 = Debug|x86
		{47E8E88E-003F-4D4D-9BD2-F0166767B32D}.Debug|ARM.ActiveCfg = Debug|ARM
		{47E8E88E-003F-4D4D-9BD2-F0166767B32D}.Debug|ARM.Build.0 = Debug|ARM
		{47E8E88E-003F-4D4D-9BD2-F0166767B32D}.Debug|ARM.Deploy.0 = Debug|ARM
		{47E8E88E-003F-4D4D-9BD2-F0166767B32D}.Debug|iPhone.ActiveCfg = Debug|x86
		{47E8E88E-003F-4D4D-9BD2-F0166767B32D}.Debug|iPhoneSimulator.ActiveCfg = Debug|x86
		{47E8E88E-003F-4D4D-9BD2-F0166767B32D}.Debug|x64.ActiveCfg = Debug|x64
		{47E8E88E-003F-4D4D-9BD2-F0166767B32D}.Debug|x64.Build.0 = Debug|x64
		{47E8E88E-003F-4D4D-9BD2-F0166767B32D}.Debug|x64.Deploy.0 = Debug|x64
		{47E8E88E-003F-4D4D-9BD2-F0166767B32D}.Debug|x86.ActiveCfg = Debug|x86
		{47E8E88E-003F-4D4D-9BD2-F0166767B32D}.Debug|x86.Build.0 = Debug|x86
		{47E8E88E-003F-4D4D-9BD2-F0166767B32D}.Debug|x86.Deploy.0 = Debug|x86
		{47E8E88E-003F-4D4D-9BD2-F0166767B32D}.Release|Any CPU.ActiveCfg = Release|x86
		{47E8E88E-003F-4D4D-9BD2-F0166767B32D}.Release|ARM.ActiveCfg = Release|ARM
		{47E8E88E-003F-4D4D-9BD2-F0166767B32D}.Release|ARM.Build.0 = Release|ARM
		{47E8E88E-003F-4D4D-9BD2-F0166767B32D}.Release|ARM.Deploy.0 = Release|ARM
		{47E8E88E-003F-4D4D-9BD2-F0166767B32D}.Release|iPhone.ActiveCfg = Release|x86
		{47E8E88E-003F-4D4D-9BD2-F0166767B32D}.Release|iPhoneSimulator.ActiveCfg = Release|x86
		{47E8E88E-003F-4D4D-9BD2-F0166767B32D}.Release|x64.ActiveCfg = Release|x64
		{47E8E88E-003F-4D4D-9BD2-F0166767B32D}.Release|x64.Build.0 = Release|x64
		{47E8E88E-003F-4D4D-9BD2-F0166767B32D}.Release|x64.Deploy.0 = Release|x64
		{47E8E88E-003F-4D4D-9BD2-F0166767B32D}.Release|x86.ActiveCfg = Release|x86
		{47E8E88E-003F-4D4D-9BD2-F0166767B32D}.Release|x86.Build.0 = Release|x86
		{47E8E88E-003F-4D4D-9BD2-F0166767B32D}.Release|x86.Deploy.0 = Release|x86
		{C228A23F-2ED6-4FC8-A3DC-2EB6FAF35F77}.Ad-Hoc|Any CPU.ActiveCfg = Ad-Hoc|iPhone
		{C228A23F-2ED6-4FC8-A3DC-2EB6FAF35F77}.Ad-Hoc|ARM.ActiveCfg = Ad-Hoc|iPhone
		{C228A23F-2ED6-4FC8-A3DC-2EB6FAF35F77}.Ad-Hoc|iPhone.ActiveCfg = Ad-Hoc|iPhone
		{C228A23F-2ED6-4FC8-A3DC-2EB6FAF35F77}.Ad-Hoc|iPhone.Build.0 = Ad-Hoc|iPhone
		{C228A23F-2ED6-4FC8-A3DC-2EB6FAF35F77}.Ad-Hoc|iPhoneSimulator.ActiveCfg = Ad-Hoc|iPhoneSimulator
		{C228A23F-2ED6-4FC8-A3DC-2EB6FAF35F77}.Ad-Hoc|iPhoneSimulator.Build.0 = Ad-Hoc|iPhoneSimulator
		{C228A23F-2ED6-4FC8-A3DC-2EB6FAF35F77}.Ad-Hoc|x64.ActiveCfg = Ad-Hoc|iPhone
		{C228A23F-2ED6-4FC8-A3DC-2EB6FAF35F77}.Ad-Hoc|x86.ActiveCfg = Ad-Hoc|iPhone
		{C228A23F-2ED6-4FC8-A3DC-2EB6FAF35F77}.AppStore|Any CPU.ActiveCfg = AppStore|iPhone
		{C228A23F-2ED6-4FC8-A3DC-2EB6FAF35F77}.AppStore|ARM.ActiveCfg = AppStore|iPhone
		{C228A23F-2ED6-4FC8-A3DC-2EB6FAF35F77}.AppStore|iPhone.ActiveCfg = AppStore|iPhone
		{C228A23F-2ED6-4FC8-A3DC-2EB6FAF35F77}.AppStore|iPhone.Build.0 = AppStore|iPhone
		{C228A23F-2ED6-4FC8-A3DC-2EB6FAF35F77}.AppStore|iPhoneSimulator.ActiveCfg = AppStore|iPhoneSimulator
		{C228A23F-2ED6-4FC8-A3DC-2EB6FAF35F77}.AppStore|iPhoneSimulator.Build.0 = AppStore|iPhoneSimulator
		{C228A23F-2ED6-4FC8-A3DC-2EB6FAF35F77}.AppStore|x64.ActiveCfg = AppStore|iPhone
		{C228A23F-2ED6-4FC8-A3DC-2EB6FAF35F77}.AppStore|x86.ActiveCfg = AppStore|iPhone
		{C228A23F-2ED6-4FC8-A3DC-2EB6FAF35F77}.Debug|Any CPU.ActiveCfg = Debug|iPhone
		{C228A23F-2ED6-4FC8-A3DC-2EB6FAF35F77}.Debug|ARM.ActiveCfg = Debug|iPhone
		{C228A23F-2ED6-4FC8-A3DC-2EB6FAF35F77}.Debug|iPhone.ActiveCfg = Debug|iPhone
		{C228A23F-2ED6-4FC8-A3DC-2EB6FAF35F77}.Debug|iPhone.Build.0 = Debug|iPhone
		{C228A23F-2ED6-4FC8-A3DC-2EB6FAF35F77}.Debug|iPhoneSimulator.ActiveCfg = Debug|iPhoneSimulator
		{C228A23F-2ED6-4FC8-A3DC-2EB6FAF35F77}.Debug|iPhoneSimulator.Build.0 = Debug|iPhoneSimulator
		{C228A23F-2ED6-4FC8-A3DC-2EB6FAF35F77}.Debug|x64.ActiveCfg = Debug|iPhone
		{C228A23F-2ED6-4FC8-A3DC-2EB6FAF35F77}.Debug|x86.ActiveCfg = Debug|iPhone
		{C228A23F-2ED6-4FC8-A3DC-2EB6FAF35F77}.Release|Any CPU.ActiveCfg = Release|iPhone
		{C228A23F-2ED6-4FC8-A3DC-2EB6FAF35F77}.Release|ARM.ActiveCfg = Release|iPhone
		{C228A23F-2ED6-4FC8-A3DC-2EB6FAF35F77}.Release|iPhone.ActiveCfg = Release|iPhone
		{C228A23F-2ED6-4FC8-A3DC-2EB6FAF35F77}.Release|iPhone.Build.0 = Release|iPhone
		{C228A23F-2ED6-4FC8-A3DC-2EB6FAF35F77}.Release|iPhoneSimulator.ActiveCfg = Release|iPhoneSimulator
		{C228A23F-2ED6-4FC8-A3DC-2EB6FAF35F77}.Release|iPhoneSimulator.Build.0 = Release|iPhoneSimulator
		{C228A23F-2ED6-4FC8-A3DC-2EB6FAF35F77}.Release|x64.ActiveCfg = Release|iPhone
		{C228A23F-2ED6-4FC8-A3DC-2EB6FAF35F77}.Release|x86.ActiveCfg = Release|iPhone
	EndGlobalSection
	GlobalSection(SolutionProperties) = preSolution
		HideSolutionNode = FALSE
	EndGlobalSection
EndGlobal
